
Microsoft Visual Studio Solution File, Format Version 12.00
# Visual Studio 14
VisualStudioVersion = 14.0.25420.1
MinimumVisualStudioVersion = 10.0.40219.1
Project("{FAE04EC0-301F-11D3-BF4B-00C04F79EFBC}") = "GettingStartedLib", "GettingStartedLib\GettingStartedLib.csproj", "{646BEAFE-8DF3-441D-97FB-7565EF3CD94F}"
EndProject
Project("{FAE04EC0-301F-11D3-BF4B-00C04F79EFBC}") = "GettingStartedHost", "GettingStartedHost\GettingStartedHost.csproj", "{36F6D152-AA47-4EF5-9340-83C092453BC7}"
EndProject
Project("{FAE04EC0-301F-11D3-BF4B-00C04F79EFBC}") = "GettingStartedClient", "GettingStartedClient\GettingStartedClient.csproj", "{5CDE3121-8FFA-425E-9093-55254B131622}"
	ProjectSection(ProjectDependencies) = postProject
		{646BEAFE-8DF3-441D-97FB-7565EF3CD94F} = {646BEAFE-8DF3-441D-97FB-7565EF3CD94F}
	EndProjectSection
EndProject
Global
	GlobalSection(SolutionConfigurationPlatforms) = preSolution
		Debug|Any CPU = Debug|Any CPU
		Release|Any CPU = Release|Any CPU
	EndGlobalSection
	GlobalSection(ProjectConfigurationPlatforms) = postSolution
		{646BEAFE-8DF3-441D-97FB-7565EF3CD94F}.Debug|Any CPU.ActiveCfg = Debug|Any CPU
		{646BEAFE-8DF3-441D-97FB-7565EF3CD94F}.Debug|Any CPU.Build.0 = Debug|Any CPU
		{646BEAFE-8DF3-441D-97FB-7565EF3CD94F}.Release|Any CPU.ActiveCfg = Release|Any CPU
		{646BEAFE-8DF3-441D-97FB-7565EF3CD94F}.Release|Any CPU.Build.0 = Release|Any CPU
		{36F6D152-AA47-4EF5-9340-83C092453BC7}.Debug|Any CPU.ActiveCfg = Debug|Any CPU
		{36F6D152-AA47-4EF5-9340-83C092453BC7}.Debug|Any CPU.Build.0 = Debug|Any CPU
		{36F6D152-AA47-4EF5-9340-83C092453BC7}.Release|Any CPU.ActiveCfg = Release|Any CPU
		{36F6D152-AA47-4EF5-9340-83C092453BC7}.Release|Any CPU.Build.0 = Release|Any CPU
		{5CDE3121-8FFA-425E-9093-55254B131622}.Debug|Any CPU.ActiveCfg = Debug|Any CPU
		{5CDE3121-8FFA-425E-9093-55254B131622}.Debug|Any CPU.Build.0 = Debug|Any CPU
		{5CDE3121-8FFA-425E-9093-55254B131622}.Release|Any CPU.ActiveCfg = Release|Any CPU
		{5CDE3121-8FFA-425E-9093-55254B131622}.Release|Any CPU.Build.0 = Release|Any CPU
	EndGlobalSection
	GlobalSection(SolutionProperties) = preSolution
		HideSolutionNode = FALSE
	EndGlobalSection
EndGlobal
